<?xml version="1.0" encoding="UTF-8"?>
<Scheme version="1.7">
    <Build>
        <BuildAction>
            <BuildActionEntry
                buildForTesting="YES"
                buildForRunning="YES"
                buildForProfiling="YES"
                buildForArchiving="YES"
                buildForAnalyzing="YES"
                isEnabled="YES"
                target="MyApp" />
        </BuildAction>
    </Build>
    <Test>
        <TestAction
            shouldUseLaunchSchemeArgsEnv="YES">
            <TestActionEntry
                testTarget="MyAppTests" />
        </TestAction>
    </Test>
    <Run>
        <RunAction
            shouldUseLaunchSchemeArgsEnv="YES" />
    </Run>
    <Profile>
        <ProfileAction
            shouldUseLaunchSchemeArgsEnv="YES" />
    </Profile>
    <Analyze>
        <AnalyzeAction
            shouldUseLaunchSchemeArgsEnv="YES" />
    </Analyze>
</Scheme>